
Microsoft Visual Studio Solution File, Format Version 12.00
# Visual Studio 15
VisualStudioVersion = 15.0.28010.2041
MinimumVisualStudioVersion = 10.0.40219.1
Project("{FAE04EC0-301F-11D3-BF4B-00C04F79EFBC}") = "Welborn_Edward_Conditionals", "Welborn_Edward_Conditionals\Welborn_Edward_Conditionals.csproj", "{ED5DBECA-A540-4A57-A061-6648424240FE}"
EndProject
Global
	GlobalSection(SolutionConfigurationPlatforms) = preSolution
		Debug|Any CPU = Debug|Any CPU
		Release|Any CPU = Release|Any CPU
	EndGlobalSection
	GlobalSection(ProjectConfigurationPlatforms) = postSolution
		{ED5DBECA-A540-4A57-A061-6648424240FE}.Debug|Any CPU.ActiveCfg = Debug|Any CPU
		{ED5DBECA-A540-4A57-A061-6648424240FE}.Debug|Any CPU.Build.0 = Debug|Any CPU
		{ED5DBECA-A540-4A57-A061-6648424240FE}.Release|Any CPU.ActiveCfg = Release|Any CPU
		{ED5DBECA-A540-4A57-A061-6648424240FE}.Release|Any CPU.Build.0 = Release|Any CPU
	EndGlobalSection
	GlobalSection(SolutionProperties) = preSolution
		HideSolutionNode = FALSE
	EndGlobalSection
	GlobalSection(ExtensibilityGlobals) = postSolution
		SolutionGuid = {812E57E9-4E87-4D92-851C-5FE29B6D24D5}
	EndGlobalSection
EndGlobal
