
Microsoft Visual Studio Solution File, Format Version 12.00
# Visual Studio 15
VisualStudioVersion = 15.0.28307.136
MinimumVisualStudioVersion = 10.0.40219.1
Project("{FAE04EC0-301F-11D3-BF4B-00C04F79EFBC}") = "IsraelTorres_CE08", "IsraelTorres_CE08\IsraelTorres_CE08.csproj", "{5961F71A-4D8A-4002-81BE-43F345A29EFD}"
EndProject
Global
	GlobalSection(SolutionConfigurationPlatforms) = preSolution
		Debug|Any CPU = Debug|Any CPU
		Release|Any CPU = Release|Any CPU
	EndGlobalSection
	GlobalSection(ProjectConfigurationPlatforms) = postSolution
		{5961F71A-4D8A-4002-81BE-43F345A29EFD}.Debug|Any CPU.ActiveCfg = Debug|Any CPU
		{5961F71A-4D8A-4002-81BE-43F345A29EFD}.Debug|Any CPU.Build.0 = Debug|Any CPU
		{5961F71A-4D8A-4002-81BE-43F345A29EFD}.Release|Any CPU.ActiveCfg = Release|Any CPU
		{5961F71A-4D8A-4002-81BE-43F345A29EFD}.Release|Any CPU.Build.0 = Release|Any CPU
	EndGlobalSection
	GlobalSection(SolutionProperties) = preSolution
		HideSolutionNode = FALSE
	EndGlobalSection
	GlobalSection(ExtensibilityGlobals) = postSolution
		SolutionGuid = {D3E0F4A6-8EDA-477E-AA98-91FD3D8CC583}
	EndGlobalSection
EndGlobal
