
Microsoft Visual Studio Solution File, Format Version 12.00
# Visual Studio 15
VisualStudioVersion = 15.0.28010.2046
MinimumVisualStudioVersion = 10.0.40219.1
Project("{FAE04EC0-301F-11D3-BF4B-00C04F79EFBC}") = "DVP1.CE1", "DVP1.CE1\DVP1.CE1.csproj", "{17BB91C5-34C8-4B1C-AB16-026A3200204E}"
EndProject
Global
	GlobalSection(SolutionConfigurationPlatforms) = preSolution
		Debug|Any CPU = Debug|Any CPU
		Release|Any CPU = Release|Any CPU
	EndGlobalSection
	GlobalSection(ProjectConfigurationPlatforms) = postSolution
		{17BB91C5-34C8-4B1C-AB16-026A3200204E}.Debug|Any CPU.ActiveCfg = Debug|Any CPU
		{17BB91C5-34C8-4B1C-AB16-026A3200204E}.Debug|Any CPU.Build.0 = Debug|Any CPU
		{17BB91C5-34C8-4B1C-AB16-026A3200204E}.Release|Any CPU.ActiveCfg = Release|Any CPU
		{17BB91C5-34C8-4B1C-AB16-026A3200204E}.Release|Any CPU.Build.0 = Release|Any CPU
	EndGlobalSection
	GlobalSection(SolutionProperties) = preSolution
		HideSolutionNode = FALSE
	EndGlobalSection
	GlobalSection(ExtensibilityGlobals) = postSolution
		SolutionGuid = {6052FE17-1D3B-4D01-BC65-7A77DE5B398D}
	EndGlobalSection
EndGlobal
