
Microsoft Visual Studio Solution File, Format Version 12.00
# Visual Studio 15
VisualStudioVersion = 15.0.28307.572
MinimumVisualStudioVersion = 10.0.40219.1
Project("{FAE04EC0-301F-11D3-BF4B-00C04F79EFBC}") = "EdwardWelborn_Project1c", "EdwardWelborn_Project1c\EdwardWelborn_Project1c.csproj", "{D1E0C131-65D2-4B62-81B9-29BF574E2EE1}"
EndProject
Global
	GlobalSection(SolutionConfigurationPlatforms) = preSolution
		Debug|Any CPU = Debug|Any CPU
		Release|Any CPU = Release|Any CPU
	EndGlobalSection
	GlobalSection(ProjectConfigurationPlatforms) = postSolution
		{D1E0C131-65D2-4B62-81B9-29BF574E2EE1}.Debug|Any CPU.ActiveCfg = Debug|Any CPU
		{D1E0C131-65D2-4B62-81B9-29BF574E2EE1}.Debug|Any CPU.Build.0 = Debug|Any CPU
		{D1E0C131-65D2-4B62-81B9-29BF574E2EE1}.Release|Any CPU.ActiveCfg = Release|Any CPU
		{D1E0C131-65D2-4B62-81B9-29BF574E2EE1}.Release|Any CPU.Build.0 = Release|Any CPU
	EndGlobalSection
	GlobalSection(SolutionProperties) = preSolution
		HideSolutionNode = FALSE
	EndGlobalSection
	GlobalSection(ExtensibilityGlobals) = postSolution
		SolutionGuid = {9EF9BA38-5DAA-400C-A25C-57C935F925BF}
	EndGlobalSection
EndGlobal
