
Microsoft Visual Studio Solution File, Format Version 12.00
# Visual Studio Version 16
VisualStudioVersion = 16.0.31729.503
MinimumVisualStudioVersion = 10.0.40219.1
Project("{FAE04EC0-301F-11D3-BF4B-00C04F79EFBC}") = "Lab_1", "Lab_1\Lab_1.csproj", "{4C0E22A9-5E83-40DC-9D1F-04325372B2EF}"
EndProject
Global
	GlobalSection(SolutionConfigurationPlatforms) = preSolution
		Debug|Any CPU = Debug|Any CPU
		Release|Any CPU = Release|Any CPU
	EndGlobalSection
	GlobalSection(ProjectConfigurationPlatforms) = postSolution
		{4C0E22A9-5E83-40DC-9D1F-04325372B2EF}.Debug|Any CPU.ActiveCfg = Debug|Any CPU
		{4C0E22A9-5E83-40DC-9D1F-04325372B2EF}.Debug|Any CPU.Build.0 = Debug|Any CPU
		{4C0E22A9-5E83-40DC-9D1F-04325372B2EF}.Release|Any CPU.ActiveCfg = Release|Any CPU
		{4C0E22A9-5E83-40DC-9D1F-04325372B2EF}.Release|Any CPU.Build.0 = Release|Any CPU
	EndGlobalSection
	GlobalSection(SolutionProperties) = preSolution
		HideSolutionNode = FALSE
	EndGlobalSection
	GlobalSection(ExtensibilityGlobals) = postSolution
		SolutionGuid = {C41BB98D-FD74-44DD-8528-8394F95FB819}
	EndGlobalSection
EndGlobal
