
Microsoft Visual Studio Solution File, Format Version 12.00
# Visual Studio 15
VisualStudioVersion = 15.0.28010.2041
MinimumVisualStudioVersion = 10.0.40219.1
Project("{FAE04EC0-301F-11D3-BF4B-00C04F79EFBC}") = "Welborn_Edward_ArraysRedux", "Welborn_Edward_ArraysRedux\Welborn_Edward_ArraysRedux.csproj", "{45641E7B-DDD3-4735-B502-2E17508864B8}"
EndProject
Global
	GlobalSection(SolutionConfigurationPlatforms) = preSolution
		Debug|Any CPU = Debug|Any CPU
		Release|Any CPU = Release|Any CPU
	EndGlobalSection
	GlobalSection(ProjectConfigurationPlatforms) = postSolution
		{45641E7B-DDD3-4735-B502-2E17508864B8}.Debug|Any CPU.ActiveCfg = Debug|Any CPU
		{45641E7B-DDD3-4735-B502-2E17508864B8}.Debug|Any CPU.Build.0 = Debug|Any CPU
		{45641E7B-DDD3-4735-B502-2E17508864B8}.Release|Any CPU.ActiveCfg = Release|Any CPU
		{45641E7B-DDD3-4735-B502-2E17508864B8}.Release|Any CPU.Build.0 = Release|Any CPU
	EndGlobalSection
	GlobalSection(SolutionProperties) = preSolution
		HideSolutionNode = FALSE
	EndGlobalSection
	GlobalSection(ExtensibilityGlobals) = postSolution
		SolutionGuid = {322682EA-5661-4DE7-ACF1-1AB81D1321F3}
	EndGlobalSection
EndGlobal
