
Microsoft Visual Studio Solution File, Format Version 12.00
# Visual Studio 15
VisualStudioVersion = 15.0.26228.9
MinimumVisualStudioVersion = 10.0.40219.1
Project("{FAE04EC0-301F-11D3-BF4B-00C04F79EFBC}") = "Welborn_Edward_Fundementals", "Welborn_Edward_Fundementals\Welborn_Edward_Fundementals.csproj", "{FB5D1188-9811-465F-A994-4EF0D88F9AAE}"
EndProject
Global
	GlobalSection(SolutionConfigurationPlatforms) = preSolution
		Debug|Any CPU = Debug|Any CPU
		Release|Any CPU = Release|Any CPU
	EndGlobalSection
	GlobalSection(ProjectConfigurationPlatforms) = postSolution
		{FB5D1188-9811-465F-A994-4EF0D88F9AAE}.Debug|Any CPU.ActiveCfg = Debug|Any CPU
		{FB5D1188-9811-465F-A994-4EF0D88F9AAE}.Debug|Any CPU.Build.0 = Debug|Any CPU
		{FB5D1188-9811-465F-A994-4EF0D88F9AAE}.Release|Any CPU.ActiveCfg = Release|Any CPU
		{FB5D1188-9811-465F-A994-4EF0D88F9AAE}.Release|Any CPU.Build.0 = Release|Any CPU
	EndGlobalSection
	GlobalSection(SolutionProperties) = preSolution
		HideSolutionNode = FALSE
	EndGlobalSection
EndGlobal
