
Microsoft Visual Studio Solution File, Format Version 12.00
# Visual Studio 15
VisualStudioVersion = 15.0.28307.852
MinimumVisualStudioVersion = 10.0.40219.1
Project("{FAE04EC0-301F-11D3-BF4B-00C04F79EFBC}") = "CE06Lecture", "CE06Lecture\CE06Lecture.csproj", "{C9AD2FEF-3A24-450B-BC67-5C63ADC88B91}"
EndProject
Global
	GlobalSection(SolutionConfigurationPlatforms) = preSolution
		Debug|Any CPU = Debug|Any CPU
		Release|Any CPU = Release|Any CPU
	EndGlobalSection
	GlobalSection(ProjectConfigurationPlatforms) = postSolution
		{C9AD2FEF-3A24-450B-BC67-5C63ADC88B91}.Debug|Any CPU.ActiveCfg = Debug|Any CPU
		{C9AD2FEF-3A24-450B-BC67-5C63ADC88B91}.Debug|Any CPU.Build.0 = Debug|Any CPU
		{C9AD2FEF-3A24-450B-BC67-5C63ADC88B91}.Release|Any CPU.ActiveCfg = Release|Any CPU
		{C9AD2FEF-3A24-450B-BC67-5C63ADC88B91}.Release|Any CPU.Build.0 = Release|Any CPU
	EndGlobalSection
	GlobalSection(SolutionProperties) = preSolution
		HideSolutionNode = FALSE
	EndGlobalSection
	GlobalSection(ExtensibilityGlobals) = postSolution
		SolutionGuid = {492355E3-87BA-4202-BB41-644ED1AF114B}
	EndGlobalSection
EndGlobal
