
Microsoft Visual Studio Solution File, Format Version 12.00
# Visual Studio Version 16
VisualStudioVersion = 16.0.32106.194
MinimumVisualStudioVersion = 10.0.40219.1
Project("{FAE04EC0-301F-11D3-BF4B-00C04F79EFBC}") = "Histogram", "Histogram\Histogram.csproj", "{3A310108-70C3-436F-998C-EE43BAA0DD88}"
EndProject
Global
	GlobalSection(SolutionConfigurationPlatforms) = preSolution
		Debug|Any CPU = Debug|Any CPU
		Release|Any CPU = Release|Any CPU
	EndGlobalSection
	GlobalSection(ProjectConfigurationPlatforms) = postSolution
		{3A310108-70C3-436F-998C-EE43BAA0DD88}.Debug|Any CPU.ActiveCfg = Debug|Any CPU
		{3A310108-70C3-436F-998C-EE43BAA0DD88}.Debug|Any CPU.Build.0 = Debug|Any CPU
		{3A310108-70C3-436F-998C-EE43BAA0DD88}.Release|Any CPU.ActiveCfg = Release|Any CPU
		{3A310108-70C3-436F-998C-EE43BAA0DD88}.Release|Any CPU.Build.0 = Release|Any CPU
	EndGlobalSection
	GlobalSection(SolutionProperties) = preSolution
		HideSolutionNode = FALSE
	EndGlobalSection
	GlobalSection(ExtensibilityGlobals) = postSolution
		SolutionGuid = {369D3DB1-C30A-4F39-AD70-6DBCDCBAE24D}
	EndGlobalSection
EndGlobal
