
Microsoft Visual Studio Solution File, Format Version 12.00
# Visual Studio Version 16
VisualStudioVersion = 16.0.29926.136
MinimumVisualStudioVersion = 10.0.40219.1
Project("{FAE04EC0-301F-11D3-BF4B-00C04F79EFBC}") = "Lab 9A", "Lab 9\Lab 9A.csproj", "{4CC6E8BD-F24B-41B3-8C79-668AA2E80E1F}"
EndProject
Global
	GlobalSection(SolutionConfigurationPlatforms) = preSolution
		Debug|Any CPU = Debug|Any CPU
		Release|Any CPU = Release|Any CPU
	EndGlobalSection
	GlobalSection(ProjectConfigurationPlatforms) = postSolution
		{4CC6E8BD-F24B-41B3-8C79-668AA2E80E1F}.Debug|Any CPU.ActiveCfg = Debug|Any CPU
		{4CC6E8BD-F24B-41B3-8C79-668AA2E80E1F}.Debug|Any CPU.Build.0 = Debug|Any CPU
		{4CC6E8BD-F24B-41B3-8C79-668AA2E80E1F}.Release|Any CPU.ActiveCfg = Release|Any CPU
		{4CC6E8BD-F24B-41B3-8C79-668AA2E80E1F}.Release|Any CPU.Build.0 = Release|Any CPU
	EndGlobalSection
	GlobalSection(SolutionProperties) = preSolution
		HideSolutionNode = FALSE
	EndGlobalSection
	GlobalSection(ExtensibilityGlobals) = postSolution
		SolutionGuid = {64BC37CA-4E77-4320-9723-C101DB4F509E}
	EndGlobalSection
EndGlobal
