
Microsoft Visual Studio Solution File, Format Version 12.00
# Visual Studio 15
VisualStudioVersion = 15.0.28010.2041
MinimumVisualStudioVersion = 10.0.40219.1
Project("{FAE04EC0-301F-11D3-BF4B-00C04F79EFBC}") = "Welborn_Edward_Methods", "Welborn_Edward_Methods\Welborn_Edward_Methods.csproj", "{5CEC94B5-EBCE-4B56-8131-8FEE80223CAC}"
EndProject
Global
	GlobalSection(SolutionConfigurationPlatforms) = preSolution
		Debug|Any CPU = Debug|Any CPU
		Release|Any CPU = Release|Any CPU
	EndGlobalSection
	GlobalSection(ProjectConfigurationPlatforms) = postSolution
		{5CEC94B5-EBCE-4B56-8131-8FEE80223CAC}.Debug|Any CPU.ActiveCfg = Debug|Any CPU
		{5CEC94B5-EBCE-4B56-8131-8FEE80223CAC}.Debug|Any CPU.Build.0 = Debug|Any CPU
		{5CEC94B5-EBCE-4B56-8131-8FEE80223CAC}.Release|Any CPU.ActiveCfg = Release|Any CPU
		{5CEC94B5-EBCE-4B56-8131-8FEE80223CAC}.Release|Any CPU.Build.0 = Release|Any CPU
	EndGlobalSection
	GlobalSection(SolutionProperties) = preSolution
		HideSolutionNode = FALSE
	EndGlobalSection
	GlobalSection(ExtensibilityGlobals) = postSolution
		SolutionGuid = {4A31794D-0844-4E15-98DE-5C357C3AB60B}
	EndGlobalSection
EndGlobal
