
Microsoft Visual Studio Solution File, Format Version 12.00
# Visual Studio 15
VisualStudioVersion = 15.0.28010.2046
MinimumVisualStudioVersion = 10.0.40219.1
Project("{FAE04EC0-301F-11D3-BF4B-00C04F79EFBC}") = "welborn_edward_collections", "welborn_edward_collections\welborn_edward_collections.csproj", "{5CB02989-274F-4083-A378-B673CA6E79A1}"
EndProject
Global
	GlobalSection(SolutionConfigurationPlatforms) = preSolution
		Debug|Any CPU = Debug|Any CPU
		Release|Any CPU = Release|Any CPU
	EndGlobalSection
	GlobalSection(ProjectConfigurationPlatforms) = postSolution
		{5CB02989-274F-4083-A378-B673CA6E79A1}.Debug|Any CPU.ActiveCfg = Debug|Any CPU
		{5CB02989-274F-4083-A378-B673CA6E79A1}.Debug|Any CPU.Build.0 = Debug|Any CPU
		{5CB02989-274F-4083-A378-B673CA6E79A1}.Release|Any CPU.ActiveCfg = Release|Any CPU
		{5CB02989-274F-4083-A378-B673CA6E79A1}.Release|Any CPU.Build.0 = Release|Any CPU
	EndGlobalSection
	GlobalSection(SolutionProperties) = preSolution
		HideSolutionNode = FALSE
	EndGlobalSection
	GlobalSection(ExtensibilityGlobals) = postSolution
		SolutionGuid = {2F5A1C79-B672-4553-B3C9-00B028087E3B}
	EndGlobalSection
EndGlobal
