
Microsoft Visual Studio Solution File, Format Version 12.00
# Visual Studio 15
VisualStudioVersion = 15.0.28307.645
MinimumVisualStudioVersion = 10.0.40219.1
Project("{FAE04EC0-301F-11D3-BF4B-00C04F79EFBC}") = "EdwardWelborn_CE04", "EdwardWelborn_CE04\EdwardWelborn_CE04.csproj", "{A94EEBD2-735C-48C3-A3EC-A552736E5485}"
EndProject
Global
	GlobalSection(SolutionConfigurationPlatforms) = preSolution
		Debug|Any CPU = Debug|Any CPU
		Release|Any CPU = Release|Any CPU
	EndGlobalSection
	GlobalSection(ProjectConfigurationPlatforms) = postSolution
		{A94EEBD2-735C-48C3-A3EC-A552736E5485}.Debug|Any CPU.ActiveCfg = Debug|Any CPU
		{A94EEBD2-735C-48C3-A3EC-A552736E5485}.Debug|Any CPU.Build.0 = Debug|Any CPU
		{A94EEBD2-735C-48C3-A3EC-A552736E5485}.Release|Any CPU.ActiveCfg = Release|Any CPU
		{A94EEBD2-735C-48C3-A3EC-A552736E5485}.Release|Any CPU.Build.0 = Release|Any CPU
	EndGlobalSection
	GlobalSection(SolutionProperties) = preSolution
		HideSolutionNode = FALSE
	EndGlobalSection
	GlobalSection(ExtensibilityGlobals) = postSolution
		SolutionGuid = {7E49663D-9996-44E2-ACB7-1CD4412D6402}
	EndGlobalSection
EndGlobal
