
Microsoft Visual Studio Solution File, Format Version 12.00
# Visual Studio 15
VisualStudioVersion = 15.0.28307.168
MinimumVisualStudioVersion = 10.0.40219.1
Project("{FAE04EC0-301F-11D3-BF4B-00C04F79EFBC}") = "OteroJoshua_CE02", "OteroJoshua_CE02\OteroJoshua_CE02.csproj", "{C5A1FD2E-FE72-4D86-A97E-E58B845426A3}"
EndProject
Global
	GlobalSection(SolutionConfigurationPlatforms) = preSolution
		Debug|Any CPU = Debug|Any CPU
		Release|Any CPU = Release|Any CPU
	EndGlobalSection
	GlobalSection(ProjectConfigurationPlatforms) = postSolution
		{C5A1FD2E-FE72-4D86-A97E-E58B845426A3}.Debug|Any CPU.ActiveCfg = Debug|Any CPU
		{C5A1FD2E-FE72-4D86-A97E-E58B845426A3}.Debug|Any CPU.Build.0 = Debug|Any CPU
		{C5A1FD2E-FE72-4D86-A97E-E58B845426A3}.Release|Any CPU.ActiveCfg = Release|Any CPU
		{C5A1FD2E-FE72-4D86-A97E-E58B845426A3}.Release|Any CPU.Build.0 = Release|Any CPU
	EndGlobalSection
	GlobalSection(SolutionProperties) = preSolution
		HideSolutionNode = FALSE
	EndGlobalSection
	GlobalSection(ExtensibilityGlobals) = postSolution
		SolutionGuid = {9ABACC0E-55AB-46B6-9ADA-4EBCC7A40F44}
	EndGlobalSection
EndGlobal
