
Microsoft Visual Studio Solution File, Format Version 12.00
# Visual Studio 15
VisualStudioVersion = 15.0.28010.2046
MinimumVisualStudioVersion = 10.0.40219.1
Project("{FAE04EC0-301F-11D3-BF4B-00C04F79EFBC}") = "Lab 7", "Lab 7\Lab 7.csproj", "{539E3BD5-0E07-42EA-AD24-93043C452943}"
EndProject
Global
	GlobalSection(SolutionConfigurationPlatforms) = preSolution
		Debug|Any CPU = Debug|Any CPU
		Release|Any CPU = Release|Any CPU
	EndGlobalSection
	GlobalSection(ProjectConfigurationPlatforms) = postSolution
		{539E3BD5-0E07-42EA-AD24-93043C452943}.Debug|Any CPU.ActiveCfg = Debug|Any CPU
		{539E3BD5-0E07-42EA-AD24-93043C452943}.Debug|Any CPU.Build.0 = Debug|Any CPU
		{539E3BD5-0E07-42EA-AD24-93043C452943}.Release|Any CPU.ActiveCfg = Release|Any CPU
		{539E3BD5-0E07-42EA-AD24-93043C452943}.Release|Any CPU.Build.0 = Release|Any CPU
	EndGlobalSection
	GlobalSection(SolutionProperties) = preSolution
		HideSolutionNode = FALSE
	EndGlobalSection
	GlobalSection(ExtensibilityGlobals) = postSolution
		SolutionGuid = {3A250708-063F-47C6-81C6-EEE975F7DF37}
	EndGlobalSection
EndGlobal
