
Microsoft Visual Studio Solution File, Format Version 12.00
# Visual Studio 15
VisualStudioVersion = 15.0.28010.2041
MinimumVisualStudioVersion = 10.0.40219.1
Project("{FAE04EC0-301F-11D3-BF4B-00C04F79EFBC}") = "WelbornEdward_FindErrorsClasses", "WelbornEdward_FindErrorsClasses\WelbornEdward_FindErrorsClasses.csproj", "{2EA1C435-1824-410C-BCFD-A3775E7AC1D2}"
EndProject
Global
	GlobalSection(SolutionConfigurationPlatforms) = preSolution
		Debug|Any CPU = Debug|Any CPU
		Release|Any CPU = Release|Any CPU
	EndGlobalSection
	GlobalSection(ProjectConfigurationPlatforms) = postSolution
		{2EA1C435-1824-410C-BCFD-A3775E7AC1D2}.Debug|Any CPU.ActiveCfg = Debug|Any CPU
		{2EA1C435-1824-410C-BCFD-A3775E7AC1D2}.Debug|Any CPU.Build.0 = Debug|Any CPU
		{2EA1C435-1824-410C-BCFD-A3775E7AC1D2}.Release|Any CPU.ActiveCfg = Release|Any CPU
		{2EA1C435-1824-410C-BCFD-A3775E7AC1D2}.Release|Any CPU.Build.0 = Release|Any CPU
	EndGlobalSection
	GlobalSection(SolutionProperties) = preSolution
		HideSolutionNode = FALSE
	EndGlobalSection
	GlobalSection(ExtensibilityGlobals) = postSolution
		SolutionGuid = {131FF1D0-F24C-451A-8A98-E3F515CB1269}
	EndGlobalSection
EndGlobal
