
Microsoft Visual Studio Solution File, Format Version 12.00
# Visual Studio Version 16
VisualStudioVersion = 16.0.31729.503
MinimumVisualStudioVersion = 10.0.40219.1
Project("{FAE04EC0-301F-11D3-BF4B-00C04F79EFBC}") = "Lab1", ".\Lab1\Lab1\Lab1.csproj", "{F79924CB-6582-4E15-8536-683A838435E5}"
EndProject
Global
	GlobalSection(SolutionConfigurationPlatforms) = preSolution
		Debug|Any CPU = Debug|Any CPU
		Release|Any CPU = Release|Any CPU
	EndGlobalSection
	GlobalSection(ProjectConfigurationPlatforms) = postSolution
		{F79924CB-6582-4E15-8536-683A838435E5}.Debug|Any CPU.ActiveCfg = Debug|Any CPU
		{F79924CB-6582-4E15-8536-683A838435E5}.Debug|Any CPU.Build.0 = Debug|Any CPU
		{F79924CB-6582-4E15-8536-683A838435E5}.Release|Any CPU.ActiveCfg = Release|Any CPU
		{F79924CB-6582-4E15-8536-683A838435E5}.Release|Any CPU.Build.0 = Release|Any CPU
	EndGlobalSection
	GlobalSection(SolutionProperties) = preSolution
		HideSolutionNode = FALSE
	EndGlobalSection
	GlobalSection(ExtensibilityGlobals) = postSolution
		SolutionGuid = {8839D775-4BFC-4EF3-AFE8-405341A4ADD2}
	EndGlobalSection
EndGlobal
