
Microsoft Visual Studio Solution File, Format Version 12.00
# Visual Studio 15
VisualStudioVersion = 15.0.28010.2041
MinimumVisualStudioVersion = 10.0.40219.1
Project("{FAE04EC0-301F-11D3-BF4B-00C04F79EFBC}") = "Welborn_Edward_FixErrorsCond", "Welborn_Edward_FixErrorsCond\Welborn_Edward_FixErrorsCond.csproj", "{26D279AE-ED2B-4F91-912B-E4EFA9F83758}"
EndProject
Global
	GlobalSection(SolutionConfigurationPlatforms) = preSolution
		Debug|Any CPU = Debug|Any CPU
		Release|Any CPU = Release|Any CPU
	EndGlobalSection
	GlobalSection(ProjectConfigurationPlatforms) = postSolution
		{26D279AE-ED2B-4F91-912B-E4EFA9F83758}.Debug|Any CPU.ActiveCfg = Debug|Any CPU
		{26D279AE-ED2B-4F91-912B-E4EFA9F83758}.Debug|Any CPU.Build.0 = Debug|Any CPU
		{26D279AE-ED2B-4F91-912B-E4EFA9F83758}.Release|Any CPU.ActiveCfg = Release|Any CPU
		{26D279AE-ED2B-4F91-912B-E4EFA9F83758}.Release|Any CPU.Build.0 = Release|Any CPU
	EndGlobalSection
	GlobalSection(SolutionProperties) = preSolution
		HideSolutionNode = FALSE
	EndGlobalSection
	GlobalSection(ExtensibilityGlobals) = postSolution
		SolutionGuid = {18C8B9F3-B5D2-46DA-976F-289E54C2AFB0}
	EndGlobalSection
EndGlobal
